
Microsoft Visual Studio Solution File, Format Version 12.00
# Visual Studio Version 16
VisualStudioVersion = 16.0.32407.337
MinimumVisualStudioVersion = 10.0.40219.1
Project("{8BC9CEB8-8B4A-11D0-8D11-00A0C91BC942}") = "Three_Sizeeof", "Three_Sizeeof\Three_Sizeeof.vcxproj", "{565F2CB8-3844-4660-9CE7-A5DC4592E911}"
EndProject
Global
	GlobalSection(SolutionConfigurationPlatforms) = preSolution
		Debug|x64 = Debug|x64
		Debug|x86 = Debug|x86
		Release|x64 = Release|x64
		Release|x86 = Release|x86
	EndGlobalSection
	GlobalSection(ProjectConfigurationPlatforms) = postSolution
		{565F2CB8-3844-4660-9CE7-A5DC4592E911}.Debug|x64.ActiveCfg = Debug|x64
		{565F2CB8-3844-4660-9CE7-A5DC4592E911}.Debug|x64.Build.0 = Debug|x64
		{565F2CB8-3844-4660-9CE7-A5DC4592E911}.Debug|x86.ActiveCfg = Debug|Win32
		{565F2CB8-3844-4660-9CE7-A5DC4592E911}.Debug|x86.Build.0 = Debug|Win32
		{565F2CB8-3844-4660-9CE7-A5DC4592E911}.Release|x64.ActiveCfg = Release|x64
		{565F2CB8-3844-4660-9CE7-A5DC4592E911}.Release|x64.Build.0 = Release|x64
		{565F2CB8-3844-4660-9CE7-A5DC4592E911}.Release|x86.ActiveCfg = Release|Win32
		{565F2CB8-3844-4660-9CE7-A5DC4592E911}.Release|x86.Build.0 = Release|Win32
	EndGlobalSection
	GlobalSection(SolutionProperties) = preSolution
		HideSolutionNode = FALSE
	EndGlobalSection
	GlobalSection(ExtensibilityGlobals) = postSolution
		SolutionGuid = {A835C896-80BF-4817-9CFA-5E9E3A22468F}
	EndGlobalSection
EndGlobal
